// !$*UTF8*$!
{
	archiveVersion = 1;
	classes = {
	};
	objectVersion = 46;
	objects = {

/* Begin PBXBuildFile section */
		7DC8E1BB1E73EB0600671DD5 /* AppDelegate.swift in Sources */ = {isa = PBXBuildFile; fileRef = 7DC8E1BA1E73EB0600671DD5 /* AppDelegate.swift */; };
		7DC8E1BD1E73EB0600671DD5 /* ViewController.swift in Sources */ = {isa = PBXBuildFile; fileRef = 7DC8E1BC1E73EB0600671DD5 /* ViewController.swift */; };
		7DC8E1C01E73EB0600671DD5 /* Main.storyboard in Resources */ = {isa = PBXBuildFile; fileRef = 7DC8E1BE1E73EB0600671DD5 /* Main.storyboard */; };
		7DC8E1C21E73EB0600671DD5 /* Assets.xcassets in Resources */ = {isa = PBXBuildFile; fileRef = 7DC8E1C11E73EB0600671DD5 /* Assets.xcassets */; };
		7DC8E1C51E73EB0600671DD5 /* LaunchScreen.storyboard in Resources */ = {isa = PBXBuildFile; fileRef = 7DC8E1C31E73EB0600671DD5 /* LaunchScreen.storyboard */; };
		7DC8E1D01E73EB0700671DD5 /* calculatorTests.swift in Sources */ = {isa = PBXBuildFile; fileRef = 7DC8E1CF1E73EB0700671DD5 /* calculatorTests.swift */; };
		7DC8E1DB1E73EB0700671DD5 /* calculatorUITests.swift in Sources */ = {isa = PBXBuildFile; fileRef = 7DC8E1DA1E73EB0700671DD5 /* calculatorUITests.swift */; };
		7DF548881E7B7A76007A8D31 /* OperatorCalculation.swift in Sources */ = {isa = PBXBuildFile; fileRef = 7DF548871E7B7A76007A8D31 /* OperatorCalculation.swift */; };
/* End PBXBuildFile section */

/* Begin PBXContainerItemProxy section */
		7DC8E1CC1E73EB0700671DD5 /* PBXContainerItemProxy */ = {
			isa = PBXContainerItemProxy;
			containerPortal = 7DC8E1AF1E73EB0500671DD5 /* Project object */;
			proxyType = 1;
			remoteGlobalIDString = 7DC8E1B61E73EB0500671DD5;
			remoteInfo = calculator;
		};
		7DC8E1D71E73EB0700671DD5 /* PBXContainerItemProxy */ = {
			isa = PBXContainerItemProxy;
			containerPortal = 7DC8E1AF1E73EB0500671DD5 /* Project object */;
			proxyType = 1;
			remoteGlobalIDString = 7DC8E1B61E73EB0500671DD5;
			remoteInfo = calculator;
		};
/* End PBXContainerItemProxy section */

/* Begin PBXFileReference section */
		7DC8E1B71E73EB0600671DD5 /* calculator.app */ = {isa = PBXFileReference; explicitFileType = wrapper.application; includeInIndex = 0; path = calculator.app; sourceTree = BUILT_PRODUCTS_DIR; };
		7DC8E1BA1E73EB0600671DD5 /* AppDelegate.swift */ = {isa = PBXFileReference; lastKnownFileType = sourcecode.swift; path = AppDelegate.swift; sourceTree = "<group>"; };
		7DC8E1BC1E73EB0600671DD5 /* ViewController.swift */ = {isa = PBXFileReference; lastKnownFileType = sourcecode.swift; path = ViewController.swift; sourceTree = "<group>"; };
		7DC8E1BF1E73EB0600671DD5 /* Base */ = {isa = PBXFileReference; lastKnownFileType = file.storyboard; name = Base; path = Base.lproj/Main.storyboard; sourceTree = "<group>"; };
		7DC8E1C11E73EB0600671DD5 /* Assets.xcassets */ = {isa = PBXFileReference; lastKnownFileType = folder.assetcatalog; path = Assets.xcassets; sourceTree = "<group>"; };
		7DC8E1C41E73EB0600671DD5 /* Base */ = {isa = PBXFileReference; lastKnownFileType = file.storyboard; name = Base; path = Base.lproj/LaunchScreen.storyboard; sourceTree = "<group>"; };
		7DC8E1C61E73EB0600671DD5 /* Info.plist */ = {isa = PBXFileReference; lastKnownFileType = text.plist.xml; path = Info.plist; sourceTree = "<group>"; };
		7DC8E1CB1E73EB0700671DD5 /* calculatorTests.xctest */ = {isa = PBXFileReference; explicitFileType = wrapper.cfbundle; includeInIndex = 0; path = calculatorTests.xctest; sourceTree = BUILT_PRODUCTS_DIR; };
		7DC8E1CF1E73EB0700671DD5 /* calculatorTests.swift */ = {isa = PBXFileReference; lastKnownFileType = sourcecode.swift; path = calculatorTests.swift; sourceTree = "<group>"; };
		7DC8E1D11E73EB0700671DD5 /* Info.plist */ = {isa = PBXFileReference; lastKnownFileType = text.plist.xml; path = Info.plist; sourceTree = "<group>"; };
		7DC8E1D61E73EB0700671DD5 /* calculatorUITests.xctest */ = {isa = PBXFileReference; explicitFileType = wrapper.cfbundle; includeInIndex = 0; path = calculatorUITests.xctest; sourceTree = BUILT_PRODUCTS_DIR; };
		7DC8E1DA1E73EB0700671DD5 /* calculatorUITests.swift */ = {isa = PBXFileReference; lastKnownFileType = sourcecode.swift; path = calculatorUITests.swift; sourceTree = "<group>"; };
		7DC8E1DC1E73EB0700671DD5 /* Info.plist */ = {isa = PBXFileReference; lastKnownFileType = text.plist.xml; path = Info.plist; sourceTree = "<group>"; };
		7DF548871E7B7A76007A8D31 /* OperatorCalculation.swift */ = {isa = PBXFileReference; fileEncoding = 4; lastKnownFileType = sourcecode.swift; path = OperatorCalculation.swift; sourceTree = "<group>"; };
/* End PBXFileReference section */

/* Begin PBXFrameworksBuildPhase section */
		7DC8E1B41E73EB0500671DD5 /* Frameworks */ = {
			isa = PBXFrameworksBuildPhase;
			buildActionMask = 2147483647;
			files = (
			);
			runOnlyForDeploymentPostprocessing = 0;
		};
		7DC8E1C81E73EB0700671DD5 /* Frameworks */ = {
			isa = PBXFrameworksBuildPhase;
			buildActionMask = 2147483647;
			files = (
			);
			runOnlyForDeploymentPostprocessing = 0;
		};
		7DC8E1D31E73EB0700671DD5 /* Frameworks */ = {
			isa = PBXFrameworksBuildPhase;
			buildActionMask = 2147483647;
			files = (
			);
			runOnlyForDeploymentPostprocessing = 0;
		};
/* End PBXFrameworksBuildPhase section */

/* Begin PBXGroup section */
		7DC8E1AE1E73EB0500671DD5 = {
			isa = PBXGroup;
			children = (
				7DC8E1B91E73EB0600671DD5 /* calculator */,
				7DC8E1CE1E73EB0700671DD5 /* calculatorTests */,
				7DC8E1D91E73EB0700671DD5 /* calculatorUITests */,
				7DC8E1B81E73EB0600671DD5 /* Products */,
			);
			sourceTree = "<group>";
		};
		7DC8E1B81E73EB0600671DD5 /* Products */ = {
			isa = PBXGroup;
			children = (
				7DC8E1B71E73EB0600671DD5 /* calculator.app */,
				7DC8E1CB1E73EB0700671DD5 /* calculatorTests.xctest */,
				7DC8E1D61E73EB0700671DD5 /* calculatorUITests.xctest */,
			);
			name = Products;
			sourceTree = "<group>";
		};
		7DC8E1B91E73EB0600671DD5 /* calculator */ = {
			isa = PBXGroup;
			children = (
				7DC8E1BA1E73EB0600671DD5 /* AppDelegate.swift */,
				7DC8E1BC1E73EB0600671DD5 /* ViewController.swift */,
				7DF548871E7B7A76007A8D31 /* OperatorCalculation.swift */,
				7DC8E1BE1E73EB0600671DD5 /* Main.storyboard */,
				7DC8E1C11E73EB0600671DD5 /* Assets.xcassets */,
				7DC8E1C31E73EB0600671DD5 /* LaunchScreen.storyboard */,
				7DC8E1C61E73EB0600671DD5 /* Info.plist */,
			);
			path = calculator;
			sourceTree = "<group>";
		};
		7DC8E1CE1E73EB0700671DD5 /* calculatorTests */ = {
			isa = PBXGroup;
			children = (
				7DC8E1CF1E73EB0700671DD5 /* calculatorTests.swift */,
				7DC8E1D11E73EB0700671DD5 /* Info.plist */,
			);
			path = calculatorTests;
			sourceTree = "<group>";
		};
		7DC8E1D91E73EB0700671DD5 /* calculatorUITests */ = {
			isa = PBXGroup;
			children = (
				7DC8E1DA1E73EB0700671DD5 /* calculatorUITests.swift */,
				7DC8E1DC1E73EB0700671DD5 /* Info.plist */,
			);
			path = calculatorUITests;
			sourceTree = "<group>";
		};
/* End PBXGroup section */

/* Begin PBXNativeTarget section */
		7DC8E1B61E73EB0500671DD5 /* calculator */ = {
			isa = PBXNativeTarget;
			buildConfigurationList = 7DC8E1DF1E73EB0700671DD5 /* Build configuration list for PBXNativeTarget "calculator" */;
			buildPhases = (
				7DC8E1B31E73EB0500671DD5 /* Sources */,
				7DC8E1B41E73EB0500671DD5 /* Frameworks */,
				7DC8E1B51E73EB0500671DD5 /* Resources */,
			);
			buildRules = (
			);
			dependencies = (
			);
			name = calculator;
			productName = calculator;
			productReference = 7DC8E1B71E73EB0600671DD5 /* calculator.app */;
			productType = "com.apple.product-type.application";
		};
		7DC8E1CA1E73EB0700671DD5 /* calculatorTests */ = {
			isa = PBXNativeTarget;
			buildConfigurationList = 7DC8E1E21E73EB0700671DD5 /* Build configuration list for PBXNativeTarget "calculatorTests" */;
			buildPhases = (
				7DC8E1C71E73EB0700671DD5 /* Sources */,
				7DC8E1C81E73EB0700671DD5 /* Frameworks */,
				7DC8E1C91E73EB0700671DD5 /* Resources */,
			);
			buildRules = (
			);
			dependencies = (
				7DC8E1CD1E73EB0700671DD5 /* PBXTargetDependency */,
			);
			name = calculatorTests;
			productName = calculatorTests;
			productReference = 7DC8E1CB1E73EB0700671DD5 /* calculatorTests.xctest */;
			productType = "com.apple.product-type.bundle.unit-test";
		};
		7DC8E1D51E73EB0700671DD5 /* calculatorUITests */ = {
			isa = PBXNativeTarget;
			buildConfigurationList = 7DC8E1E51E73EB0700671DD5 /* Build configuration list for PBXNativeTarget "calculatorUITests" */;
			buildPhases = (
				7DC8E1D21E73EB0700671DD5 /* Sources */,
				7DC8E1D31E73EB0700671DD5 /* Frameworks */,
				7DC8E1D41E73EB0700671DD5 /* Resources */,
			);
			buildRules = (
			);
			dependencies = (
				7DC8E1D81E73EB0700671DD5 /* PBXTargetDependency */,
			);
			name = calculatorUITests;
			productName = calculatorUITests;
			productReference = 7DC8E1D61E73EB0700671DD5 /* calculatorUITests.xctest */;
			productType = "com.apple.product-type.bundle.ui-testing";
		};
/* End PBXNativeTarget section */

/* Begin PBXProject section */
		7DC8E1AF1E73EB0500671DD5 /* Project object */ = {
			isa = PBXProject;
			attributes = {
				LastSwiftUpdateCheck = 0820;
				LastUpgradeCheck = 0820;
				ORGANIZATIONNAME = "Jamie Chen";
				TargetAttributes = {
					7DC8E1B61E73EB0500671DD5 = {
						CreatedOnToolsVersion = 8.2.1;
						ProvisioningStyle = Automatic;
					};
					7DC8E1CA1E73EB0700671DD5 = {
						CreatedOnToolsVersion = 8.2.1;
						ProvisioningStyle = Automatic;
						TestTargetID = 7DC8E1B61E73EB0500671DD5;
					};
					7DC8E1D51E73EB0700671DD5 = {
						CreatedOnToolsVersion = 8.2.1;
						ProvisioningStyle = Automatic;
						TestTargetID = 7DC8E1B61E73EB0500671DD5;
					};
				};
			};
			buildConfigurationList = 7DC8E1B21E73EB0500671DD5 /* Build configuration list for PBXProject "calculator" */;
			compatibilityVersion = "Xcode 3.2";
			developmentRegion = English;
			hasScannedForEncodings = 0;
			knownRegions = (
				en,
				Base,
			);
			mainGroup = 7DC8E1AE1E73EB0500671DD5;
			productRefGroup = 7DC8E1B81E73EB0600671DD5 /* Products */;
			projectDirPath = "";
			projectRoot = "";
			targets = (
				7DC8E1B61E73EB0500671DD5 /* calculator */,
				7DC8E1CA1E73EB0700671DD5 /* calculatorTests */,
				7DC8E1D51E73EB0700671DD5 /* calculatorUITests */,
			);
		};
/* End PBXProject section */

/* Begin PBXResourcesBuildPhase section */
		7DC8E1B51E73EB0500671DD5 /* Resources */ = {
			isa = PBXResourcesBuildPhase;
			buildActionMask = 2147483647;
			files = (
				7DC8E1C51E73EB0600671DD5 /* LaunchScreen.storyboard in Resources */,
				7DC8E1C21E73EB0600671DD5 /* Assets.xcassets in Resources */,
				7DC8E1C01E73EB0600671DD5 /* Main.storyboard in Resources */,
			);
			runOnlyForDeploymentPostprocessing = 0;
		};
		7DC8E1C91E73EB0700671DD5 /* Resources */ = {
			isa = PBXResourcesBuildPhase;
			buildActionMask = 2147483647;
			files = (
			);
			runOnlyForDeploymentPostprocessing = 0;
		};
		7DC8E1D41E73EB0700671DD5 /* Resources */ = {
			isa = PBXResourcesBuildPhase;
			buildActionMask = 2147483647;
			files = (
			);
			runOnlyForDeploymentPostprocessing = 0;
		};
/* End PBXResourcesBuildPhase section */

/* Begin PBXSourcesBuildPhase section */
		7DC8E1B31E73EB0500671DD5 /* Sources */ = {
			isa = PBXSourcesBuildPhase;
			buildActionMask = 2147483647;
			files = (
				7DF548881E7B7A76007A8D31 /* OperatorCalculation.swift in Sources */,
				7DC8E1BD1E73EB0600671DD5 /* ViewController.swift in Sources */,
				7DC8E1BB1E73EB0600671DD5 /* AppDelegate.swift in Sources */,
			);
			runOnlyForDeploymentPostprocessing = 0;
		};
		7DC8E1C71E73EB0700671DD5 /* Sources */ = {
			isa = PBXSourcesBuildPhase;
			buildActionMask = 2147483647;
			files = (
				7DC8E1D01E73EB0700671DD5 /* calculatorTests.swift in Sources */,
			);
			runOnlyForDeploymentPostprocessing = 0;
		};
		7DC8E1D21E73EB0700671DD5 /* Sources */ = {
			isa = PBXSourcesBuildPhase;
			buildActionMask = 2147483647;
			files = (
				7DC8E1DB1E73EB0700671DD5 /* calculatorUITests.swift in Sources */,
			);
			runOnlyForDeploymentPostprocessing = 0;
		};
/* End PBXSourcesBuildPhase section */

/* Begin PBXTargetDependency section */
		7DC8E1CD1E73EB0700671DD5 /* PBXTargetDependency */ = {
			isa = PBXTargetDependency;
			target = 7DC8E1B61E73EB0500671DD5 /* calculator */;
			targetProxy = 7DC8E1CC1E73EB0700671DD5 /* PBXContainerItemProxy */;
		};
		7DC8E1D81E73EB0700671DD5 /* PBXTargetDependency */ = {
			isa = PBXTargetDependency;
			target = 7DC8E1B61E73EB0500671DD5 /* calculator */;
			targetProxy = 7DC8E1D71E73EB0700671DD5 /* PBXContainerItemProxy */;
		};
/* End PBXTargetDependency section */

/* Begin PBXVariantGroup section */
		7DC8E1BE1E73EB0600671DD5 /* Main.storyboard */ = {
			isa = PBXVariantGroup;
			children = (
				7DC8E1BF1E73EB0600671DD5 /* Base */,
			);
			name = Main.storyboard;
			sourceTree = "<group>";
		};
		7DC8E1C31E73EB0600671DD5 /* LaunchScreen.storyboard */ = {
			isa = PBXVariantGroup;
			children = (
				7DC8E1C41E73EB0600671DD5 /* Base */,
			);
			name = LaunchScreen.storyboard;
			sourceTree = "<group>";
		};
/* End PBXVariantGroup section */

/* Begin XCBuildConfiguration section */
		7DC8E1DD1E73EB0700671DD5 /* Debug */ = {
			isa = XCBuildConfiguration;
			buildSettings = {
				ALWAYS_SEARCH_USER_PATHS = NO;
				CLANG_ANALYZER_NONNULL = YES;
				CLANG_CXX_LANGUAGE_STANDARD = "gnu++0x";
				CLANG_CXX_LIBRARY = "libc++";
				CLANG_ENABLE_MODULES = YES;
				CLANG_ENABLE_OBJC_ARC = YES;
				CLANG_WARN_BOOL_CONVERSION = YES;
				CLANG_WARN_CONSTANT_CONVERSION = YES;
				CLANG_WARN_DIRECT_OBJC_ISA_USAGE = YES_ERROR;
				CLANG_WARN_DOCUMENTATION_COMMENTS = YES;
				CLANG_WARN_EMPTY_BODY = YES;
				CLANG_WARN_ENUM_CONVERSION = YES;
				CLANG_WARN_INFINITE_RECURSION = YES;
				CLANG_WARN_INT_CONVERSION = YES;
				CLANG_WARN_OBJC_ROOT_CLASS = YES_ERROR;
				CLANG_WARN_SUSPICIOUS_MOVE = YES;
				CLANG_WARN_UNREACHABLE_CODE = YES;
				CLANG_WARN__DUPLICATE_METHOD_MATCH = YES;
				"CODE_SIGN_IDENTITY[sdk=iphoneos*]" = "iPhone Developer";
				COPY_PHASE_STRIP = NO;
				DEBUG_INFORMATION_FORMAT = dwarf;
				ENABLE_STRICT_OBJC_MSGSEND = YES;
				ENABLE_TESTABILITY = YES;
				GCC_C_LANGUAGE_STANDARD = gnu99;
				GCC_DYNAMIC_NO_PIC = NO;
				GCC_NO_COMMON_BLOCKS = YES;
				GCC_OPTIMIZATION_LEVEL = 0;
				GCC_PREPROCESSOR_DEFINITIONS = (
					"DEBUG=1",
					"$(inherited)",
				);
				GCC_WARN_64_TO_32_BIT_CONVERSION = YES;
				GCC_WARN_ABOUT_RETURN_TYPE = YES_ERROR;
				GCC_WARN_UNDECLARED_SELECTOR = YES;
				GCC_WARN_UNINITIALIZED_AUTOS = YES_AGGRESSIVE;
				GCC_WARN_UNUSED_FUNCTION = YES;
				GCC_WARN_UNUSED_VARIABLE = YES;
				IPHONEOS_DEPLOYMENT_TARGET = 10.2;
				MTL_ENABLE_DEBUG_INFO = YES;
				ONLY_ACTIVE_ARCH = YES;
				SDKROOT = iphoneos;
				SWIFT_ACTIVE_COMPILATION_CONDITIONS = DEBUG;
				SWIFT_OPTIMIZATION_LEVEL = "-Onone";
				TARGETED_DEVICE_FAMILY = "1,2";
			};
			name = Debug;
		};
		7DC8E1DE1E73EB0700671DD5 /* Release */ = {
			isa = XCBuildConfiguration;
			buildSettings = {
				ALWAYS_SEARCH_USER_PATHS = NO;
				CLANG_ANALYZER_NONNULL = YES;
				CLANG_CXX_LANGUAGE_STANDARD = "gnu++0x";
				CLANG_CXX_LIBRARY = "libc++";
				CLANG_ENABLE_MODULES = YES;
				CLANG_ENABLE_OBJC_ARC = YES;
				CLANG_WARN_BOOL_CONVERSION = YES;
				CLANG_WARN_CONSTANT_CONVERSION = YES;
				CLANG_WARN_DIRECT_OBJC_ISA_USAGE = YES_ERROR;
				CLANG_WARN_DOCUMENTATION_COMMENTS = YES;
				CLANG_WARN_EMPTY_BODY = YES;
				CLANG_WARN_ENUM_CONVERSION = YES;
				CLANG_WARN_INFINITE_RECURSION = YES;
				CLANG_WARN_INT_CONVERSION = YES;
				CLANG_WARN_OBJC_ROOT_CLASS = YES_ERROR;
				CLANG_WARN_SUSPICIOUS_MOVE = YES;
				CLANG_WARN_UNREACHABLE_CODE = YES;
				CLANG_WARN__DUPLICATE_METHOD_MATCH = YES;
				"CODE_SIGN_IDENTITY[sdk=iphoneos*]" = "iPhone Developer";
				COPY_PHASE_STRIP = NO;
				DEBUG_INFORMATION_FORMAT = "dwarf-with-dsym";
				ENABLE_NS_ASSERTIONS = NO;
				ENABLE_STRICT_OBJC_MSGSEND = YES;
				GCC_C_LANGUAGE_STANDARD = gnu99;
				GCC_NO_COMMON_BLOCKS = YES;
				GCC_WARN_64_TO_32_BIT_CONVERSION = YES;
				GCC_WARN_ABOUT_RETURN_TYPE = YES_ERROR;
				GCC_WARN_UNDECLARED_SELECTOR = YES;
				GCC_WARN_UNINITIALIZED_AUTOS = YES_AGGRESSIVE;
				GCC_WARN_UNUSED_FUNCTION = YES;
				GCC_WARN_UNUSED_VARIABLE = YES;
				IPHONEOS_DEPLOYMENT_TARGET = 10.2;
				MTL_ENABLE_DEBUG_INFO = NO;
				SDKROOT = iphoneos;
				SWIFT_OPTIMIZATION_LEVEL = "-Owholemodule";
				TARGETED_DEVICE_FAMILY = "1,2";
				VALIDATE_PRODUCT = YES;
			};
			name = Release;
		};
		7DC8E1E01E73EB0700671DD5 /* Debug */ = {
			isa = XCBuildConfiguration;
			buildSettings = {
				ASSETCATALOG_COMPILER_APPICON_NAME = AppIcon;
				INFOPLIST_FILE = calculator/Info.plist;
				LD_RUNPATH_SEARCH_PATHS = "$(inherited) @executable_path/Frameworks";
				PRODUCT_BUNDLE_IDENTIFIER = com.ladychocobo.calculator;
				PRODUCT_NAME = "$(TARGET_NAME)";
				SWIFT_VERSION = 3.0;
			};
			name = Debug;
		};
		7DC8E1E11E73EB0700671DD5 /* Release */ = {
			isa = XCBuildConfiguration;
			buildSettings = {
				ASSETCATALOG_COMPILER_APPICON_NAME = AppIcon;
				INFOPLIST_FILE = calculator/Info.plist;
				LD_RUNPATH_SEARCH_PATHS = "$(inherited) @executable_path/Frameworks";
				PRODUCT_BUNDLE_IDENTIFIER = com.ladychocobo.calculator;
				PRODUCT_NAME = "$(TARGET_NAME)";
				SWIFT_VERSION = 3.0;
			};
			name = Release;
		};
		7DC8E1E31E73EB0700671DD5 /* Debug */ = {
			isa = XCBuildConfiguration;
			buildSettings = {
				ALWAYS_EMBED_SWIFT_STANDARD_LIBRARIES = YES;
				BUNDLE_LOADER = "$(TEST_HOST)";
				INFOPLIST_FILE = calculatorTests/Info.plist;
				LD_RUNPATH_SEARCH_PATHS = "$(inherited) @executable_path/Frameworks @loader_path/Frameworks";
				PRODUCT_BUNDLE_IDENTIFIER = com.ladychocobo.calculatorTests;
				PRODUCT_NAME = "$(TARGET_NAME)";
				SWIFT_VERSION = 3.0;
				TEST_HOST = "$(BUILT_PRODUCTS_DIR)/calculator.app/calculator";
			};
			name = Debug;
		};
		7DC8E1E41E73EB0700671DD5 /* Release */ = {
			isa = XCBuildConfiguration;
			buildSettings = {
				ALWAYS_EMBED_SWIFT_STANDARD_LIBRARIES = YES;
				BUNDLE_LOADER = "$(TEST_HOST)";
				INFOPLIST_FILE = calculatorTests/Info.plist;
				LD_RUNPATH_SEARCH_PATHS = "$(inherited) @executable_path/Frameworks @loader_path/Frameworks";
				PRODUCT_BUNDLE_IDENTIFIER = com.ladychocobo.calculatorTests;
				PRODUCT_NAME = "$(TARGET_NAME)";
				SWIFT_VERSION = 3.0;
				TEST_HOST = "$(BUILT_PRODUCTS_DIR)/calculator.app/calculator";
			};
			name = Release;
		};
		7DC8E1E61E73EB0700671DD5 /* Debug */ = {
			isa = XCBuildConfiguration;
			buildSettings = {
				ALWAYS_EMBED_SWIFT_STANDARD_LIBRARIES = YES;
				INFOPLIST_FILE = calculatorUITests/Info.plist;
				LD_RUNPATH_SEARCH_PATHS = "$(inherited) @executable_path/Frameworks @loader_path/Frameworks";
				PRODUCT_BUNDLE_IDENTIFIER = com.ladychocobo.calculatorUITests;
				PRODUCT_NAME = "$(TARGET_NAME)";
				SWIFT_VERSION = 3.0;
				TEST_TARGET_NAME = calculator;
			};
			name = Debug;
		};
		7DC8E1E71E73EB0700671DD5 /* Release */ = {
			isa = XCBuildConfiguration;
			buildSettings = {
				ALWAYS_EMBED_SWIFT_STANDARD_LIBRARIES = YES;
				INFOPLIST_FILE = calculatorUITests/Info.plist;
				LD_RUNPATH_SEARCH_PATHS = "$(inherited) @executable_path/Frameworks @loader_path/Frameworks";
				PRODUCT_BUNDLE_IDENTIFIER = com.ladychocobo.calculatorUITests;
				PRODUCT_NAME = "$(TARGET_NAME)";
				SWIFT_VERSION = 3.0;
				TEST_TARGET_NAME = calculator;
			};
			name = Release;
		};
/* End XCBuildConfiguration section */

/* Begin XCConfigurationList section */
		7DC8E1B21E73EB0500671DD5 /* Build configuration list for PBXProject "calculator" */ = {
			isa = XCConfigurationList;
			buildConfigurations = (
				7DC8E1DD1E73EB0700671DD5 /* Debug */,
				7DC8E1DE1E73EB0700671DD5 /* Release */,
			);
			defaultConfigurationIsVisible = 0;
			defaultConfigurationName = Release;
		};
		7DC8E1DF1E73EB0700671DD5 /* Build configuration list for PBXNativeTarget "calculator" */ = {
			isa = XCConfigurationList;
			buildConfigurations = (
				7DC8E1E01E73EB0700671DD5 /* Debug */,
				7DC8E1E11E73EB0700671DD5 /* Release */,
			);
			defaultConfigurationIsVisible = 0;
			defaultConfigurationName = Release;
		};
		7DC8E1E21E73EB0700671DD5 /* Build configuration list for PBXNativeTarget "calculatorTests" */ = {
			isa = XCConfigurationList;
			buildConfigurations = (
				7DC8E1E31E73EB0700671DD5 /* Debug */,
				7DC8E1E41E73EB0700671DD5 /* Release */,
			);
			defaultConfigurationIsVisible = 0;
			defaultConfigurationName = Release;
		};
		7DC8E1E51E73EB0700671DD5 /* Build configuration list for PBXNativeTarget "calculatorUITests" */ = {
			isa = XCConfigurationList;
			buildConfigurations = (
				7DC8E1E61E73EB0700671DD5 /* Debug */,
				7DC8E1E71E73EB0700671DD5 /* Release */,
			);
			defaultConfigurationIsVisible = 0;
			defaultConfigurationName = Release;
		};
/* End XCConfigurationList section */
	};
	rootObject = 7DC8E1AF1E73EB0500671DD5 /* Project object */;
}
